
Microsoft Visual Studio Solution File, Format Version 12.00
# Visual Studio Version 16
VisualStudioVersion = 16.0.31702.278
MinimumVisualStudioVersion = 10.0.40219.1
Project("{2150E333-8FDC-42A3-9474-1A3956D46DE8}") = "Application", "Application", "{E4C25404-6F86-400F-9E36-4201F385C821}"
EndProject
Project("{2150E333-8FDC-42A3-9474-1A3956D46DE8}") = "Domain", "Domain", "{CA0F7F75-4847-451F-B9EE-5F2D85714868}"
EndProject
Project("{2150E333-8FDC-42A3-9474-1A3956D46DE8}") = "Infra.Data", "Infra.Data", "{68AC6EBB-9341-4CB8-B263-11B6C3D2C469}"
EndProject
Project("{2150E333-8FDC-42A3-9474-1A3956D46DE8}") = "Infra.IoC", "Infra.IoC", "{0157177D-6044-480F-ABFC-E5BB9BD09294}"
EndProject
Project("{2150E333-8FDC-42A3-9474-1A3956D46DE8}") = "Presentation", "Presentation", "{7069C094-EAC5-44A2-9386-5AD5A5119918}"
EndProject
Project("{9A19103F-16F7-4668-BE54-9A1E7A4F7556}") = "CleanArcss.Mvc", "CleanArcss.Mvc\CleanArcss.Mvc.csproj", "{3BAC20AA-0731-4D31-ADF7-FE9F8490054C}"
EndProject
Project("{FAE04EC0-301F-11D3-BF4B-00C04F79EFBC}") = "CleanArch.Domain", "CleanArch.Domain\CleanArch.Domain.csproj", "{52DC9EE2-0024-458F-8550-82DD25635F20}"
EndProject
Project("{FAE04EC0-301F-11D3-BF4B-00C04F79EFBC}") = "CleanArch.Infra.Data", "CleanArch.Infra.Data\CleanArch.Infra.Data.csproj", "{E1B174A2-700E-4E53-A090-450A91F65417}"
EndProject
Project("{FAE04EC0-301F-11D3-BF4B-00C04F79EFBC}") = "CleanArch.Application", "CleanArch.Application\CleanArch.Application.csproj", "{C753ADD7-C403-4F51-A4D3-38B9C71B188B}"
EndProject
Project("{FAE04EC0-301F-11D3-BF4B-00C04F79EFBC}") = "CleanArch.Infra.IoC", "CleanArch.Infra.IoC\CleanArch.Infra.IoC.csproj", "{0C9D8A34-C9B2-41A5-9D0A-89261455B4DB}"
EndProject
Project("{2150E333-8FDC-42A3-9474-1A3956D46DE8}") = "Infra.Bus", "Infra.Bus", "{97C4AC47-A20A-4E28-88A5-A944D26ED814}"
EndProject
Project("{2150E333-8FDC-42A3-9474-1A3956D46DE8}") = "Api", "Api", "{701ED3C2-2F92-4578-9250-4F74ADB34971}"
EndProject
Project("{FAE04EC0-301F-11D3-BF4B-00C04F79EFBC}") = "CleanArch.Infra.Bus", "CleanArch.Infra.Bus\CleanArch.Infra.Bus.csproj", "{90200135-2F59-44BA-8E89-4ACB9AE6D99F}"
EndProject
Global
	GlobalSection(SolutionConfigurationPlatforms) = preSolution
		Debug|Any CPU = Debug|Any CPU
		Release|Any CPU = Release|Any CPU
	EndGlobalSection
	GlobalSection(ProjectConfigurationPlatforms) = postSolution
		{3BAC20AA-0731-4D31-ADF7-FE9F8490054C}.Debug|Any CPU.ActiveCfg = Debug|Any CPU
		{3BAC20AA-0731-4D31-ADF7-FE9F8490054C}.Debug|Any CPU.Build.0 = Debug|Any CPU
		{3BAC20AA-0731-4D31-ADF7-FE9F8490054C}.Release|Any CPU.ActiveCfg = Release|Any CPU
		{3BAC20AA-0731-4D31-ADF7-FE9F8490054C}.Release|Any CPU.Build.0 = Release|Any CPU
		{52DC9EE2-0024-458F-8550-82DD25635F20}.Debug|Any CPU.ActiveCfg = Debug|Any CPU
		{52DC9EE2-0024-458F-8550-82DD25635F20}.Debug|Any CPU.Build.0 = Debug|Any CPU
		{52DC9EE2-0024-458F-8550-82DD25635F20}.Release|Any CPU.ActiveCfg = Release|Any CPU
		{52DC9EE2-0024-458F-8550-82DD25635F20}.Release|Any CPU.Build.0 = Release|Any CPU
		{E1B174A2-700E-4E53-A090-450A91F65417}.Debug|Any CPU.ActiveCfg = Debug|Any CPU
		{E1B174A2-700E-4E53-A090-450A91F65417}.Debug|Any CPU.Build.0 = Debug|Any CPU
		{E1B174A2-700E-4E53-A090-450A91F65417}.Release|Any CPU.ActiveCfg = Release|Any CPU
		{E1B174A2-700E-4E53-A090-450A91F65417}.Release|Any CPU.Build.0 = Release|Any CPU
		{C753ADD7-C403-4F51-A4D3-38B9C71B188B}.Debug|Any CPU.ActiveCfg = Debug|Any CPU
		{C753ADD7-C403-4F51-A4D3-38B9C71B188B}.Debug|Any CPU.Build.0 = Debug|Any CPU
		{C753ADD7-C403-4F51-A4D3-38B9C71B188B}.Release|Any CPU.ActiveCfg = Release|Any CPU
		{C753ADD7-C403-4F51-A4D3-38B9C71B188B}.Release|Any CPU.Build.0 = Release|Any CPU
		{0C9D8A34-C9B2-41A5-9D0A-89261455B4DB}.Debug|Any CPU.ActiveCfg = Debug|Any CPU
		{0C9D8A34-C9B2-41A5-9D0A-89261455B4DB}.Debug|Any CPU.Build.0 = Debug|Any CPU
		{0C9D8A34-C9B2-41A5-9D0A-89261455B4DB}.Release|Any CPU.ActiveCfg = Release|Any CPU
		{0C9D8A34-C9B2-41A5-9D0A-89261455B4DB}.Release|Any CPU.Build.0 = Release|Any CPU
		{90200135-2F59-44BA-8E89-4ACB9AE6D99F}.Debug|Any CPU.ActiveCfg = Debug|Any CPU
		{90200135-2F59-44BA-8E89-4ACB9AE6D99F}.Debug|Any CPU.Build.0 = Debug|Any CPU
		{90200135-2F59-44BA-8E89-4ACB9AE6D99F}.Release|Any CPU.ActiveCfg = Release|Any CPU
		{90200135-2F59-44BA-8E89-4ACB9AE6D99F}.Release|Any CPU.Build.0 = Release|Any CPU
	EndGlobalSection
	GlobalSection(SolutionProperties) = preSolution
		HideSolutionNode = FALSE
	EndGlobalSection
	GlobalSection(NestedProjects) = preSolution
		{3BAC20AA-0731-4D31-ADF7-FE9F8490054C} = {7069C094-EAC5-44A2-9386-5AD5A5119918}
		{52DC9EE2-0024-458F-8550-82DD25635F20} = {CA0F7F75-4847-451F-B9EE-5F2D85714868}
		{E1B174A2-700E-4E53-A090-450A91F65417} = {68AC6EBB-9341-4CB8-B263-11B6C3D2C469}
		{C753ADD7-C403-4F51-A4D3-38B9C71B188B} = {E4C25404-6F86-400F-9E36-4201F385C821}
		{0C9D8A34-C9B2-41A5-9D0A-89261455B4DB} = {0157177D-6044-480F-ABFC-E5BB9BD09294}
		{90200135-2F59-44BA-8E89-4ACB9AE6D99F} = {97C4AC47-A20A-4E28-88A5-A944D26ED814}
	EndGlobalSection
	GlobalSection(ExtensibilityGlobals) = postSolution
		SolutionGuid = {CE9DC3CF-CA86-4003-BA86-B3EA27B191CF}
	EndGlobalSection
EndGlobal
